
Microsoft Visual Studio Solution File, Format Version 12.00
# Visual Studio 2013
VisualStudioVersion = 12.0.21005.1
MinimumVisualStudioVersion = 10.0.40219.1
Project("{FAE04EC0-301F-11D3-BF4B-00C04F79EFBC}") = "MSD", "MSD\MSD.csproj", "{09252C36-AAD2-4D9C-B8E6-298397BE7FFB}"
EndProject
Project("{FAE04EC0-301F-11D3-BF4B-00C04F79EFBC}") = "MSD.Tests", "MSD.Tests\MSD.Tests.csproj", "{F1F3D02C-D0B9-4A57-A21B-FD227C1BDD3A}"
EndProject
Global
	GlobalSection(SolutionConfigurationPlatforms) = preSolution
		Debug|Any CPU = Debug|Any CPU
		Release|Any CPU = Release|Any CPU
	EndGlobalSection
	GlobalSection(ProjectConfigurationPlatforms) = postSolution
		{09252C36-AAD2-4D9C-B8E6-298397BE7FFB}.Debug|Any CPU.ActiveCfg = Debug|Any CPU
		{09252C36-AAD2-4D9C-B8E6-298397BE7FFB}.Debug|Any CPU.Build.0 = Debug|Any CPU
		{09252C36-AAD2-4D9C-B8E6-298397BE7FFB}.Release|Any CPU.ActiveCfg = Release|Any CPU
		{09252C36-AAD2-4D9C-B8E6-298397BE7FFB}.Release|Any CPU.Build.0 = Release|Any CPU
		{F1F3D02C-D0B9-4A57-A21B-FD227C1BDD3A}.Debug|Any CPU.ActiveCfg = Debug|Any CPU
		{F1F3D02C-D0B9-4A57-A21B-FD227C1BDD3A}.Debug|Any CPU.Build.0 = Debug|Any CPU
		{F1F3D02C-D0B9-4A57-A21B-FD227C1BDD3A}.Release|Any CPU.ActiveCfg = Release|Any CPU
		{F1F3D02C-D0B9-4A57-A21B-FD227C1BDD3A}.Release|Any CPU.Build.0 = Release|Any CPU
	EndGlobalSection
	GlobalSection(SolutionProperties) = preSolution
		HideSolutionNode = FALSE
	EndGlobalSection
EndGlobal
